PODS:
  - Alamofire (2.0.0-beta.1)
  - DateTools (1.6.1)
  - Keys (1.0.0)
  - PocketAPI (1.0.3)
  - SDWebImage (3.7.3):
    - SDWebImage/Core (= 3.7.3)
  - SDWebImage/Core (3.7.3)
  - SwiftyJSON (2.2.1)
  - TTTAttributedLabel (1.13.4)

DEPENDENCIES:
  - Alamofire (from `git@github.com:Alamofire/Alamofire.git`, branch `swift-2.0`)
  - DateTools
  - Keys (from `Pods/CocoaPodsKeys`)
  - PocketAPI (from `git@github.com:Pocket/Pocket-ObjC-SDK.git`)
  - SDWebImage
  - SwiftyJSON (from `git@github.com:SwiftyJSON/SwiftyJSON.git`, branch `xcode7`)
  - TTTAttributedLabel

EXTERNAL SOURCES:
  Alamofire:
    :branch: swift-2.0
    :git: git@github.com:Alamofire/Alamofire.git
  Keys:
    :path: Pods/CocoaPodsKeys
  PocketAPI:
    :git: git@github.com:Pocket/Pocket-ObjC-SDK.git
  SwiftyJSON:
    :branch: xcode7
    :git: git@github.com:SwiftyJSON/SwiftyJSON.git

CHECKOUT OPTIONS:
  Alamofire:
    :commit: 97531ad0137a335653c83bb911bae33c67621f1e
    :git: git@github.com:Alamofire/Alamofire.git
  PocketAPI:
    :commit: 47ffff591a02f780f1928e3fba10e0f7f68cf132
    :git: git@github.com:Pocket/Pocket-ObjC-SDK.git
  SwiftyJSON:
    :commit: d2455075224731f0449366c71e1a08d10d718e6d
    :git: git@github.com:SwiftyJSON/SwiftyJSON.git

SPEC CHECKSUMS:
  Alamofire: 96feccc1e48a735edb92395cf023ba4ed52bdb45
  DateTools: 9bcc89e4f2f9004d8a7a2bd1b49269cf78968e65
  Keys: 7d2ff6ff42f6903358267ce56e9392f83c31acfe
  PocketAPI: f65f80eee2b05d28aeecf711b0f5b87ee2be3e28
  SDWebImage: 1d2b1a1efda1ade1b00b6f8498865f8ddedc8a84
  SwiftyJSON: ae2d0a3d68025d136602a33c4ee215091ced3e33
  TTTAttributedLabel: 0a2ac7b2dd726d32a070dafb01446026b11e624f

COCOAPODS: 0.38.2
