PODS:
  - Alamofire (2.0.0-beta.1)
  - DateTools (1.6.1)
  - HatenaBookmarkSDK (1.2):
    - SFHFKeychainUtils
  - Keys (1.0.0)
  - NJKWebViewProgress (0.2.3):
    - NJKWebViewProgress/Core (= 0.2.3)
    - NJKWebViewProgress/ProgressView (= 0.2.3)
  - NJKWebViewProgress/Core (0.2.3)
  - NJKWebViewProgress/ProgressView (0.2.3)
  - PocketAPI (1.0.3)
  - SDWebImage (3.7.3):
    - SDWebImage/Core (= 3.7.3)
  - SDWebImage/Core (3.7.3)
  - SFHFKeychainUtils (0.0.1)
  - SwiftyJSON (2.2.1)
  - TTTAttributedLabel (1.13.4)

DEPENDENCIES:
  - Alamofire (from `git@github.com:Alamofire/Alamofire.git`, branch `swift-2.0`)
  - DateTools
  - HatenaBookmarkSDK (from `git@github.com:hatena/Hatena-Bookmark-iOS-SDK.git`)
  - Keys (from `Pods/CocoaPodsKeys`)
  - NJKWebViewProgress
  - PocketAPI (from `git@github.com:Pocket/Pocket-ObjC-SDK.git`)
  - SDWebImage
  - SwiftyJSON (from `git@github.com:SwiftyJSON/SwiftyJSON.git`, branch `xcode7`)
  - TTTAttributedLabel

EXTERNAL SOURCES:
  Alamofire:
    :branch: swift-2.0
    :git: git@github.com:Alamofire/Alamofire.git
  HatenaBookmarkSDK:
    :git: git@github.com:hatena/Hatena-Bookmark-iOS-SDK.git
  Keys:
    :path: Pods/CocoaPodsKeys
  PocketAPI:
    :git: git@github.com:Pocket/Pocket-ObjC-SDK.git
  SwiftyJSON:
    :branch: xcode7
    :git: git@github.com:SwiftyJSON/SwiftyJSON.git

CHECKOUT OPTIONS:
  Alamofire:
    :commit: e489c5fece971352b05b6ef185eca53f68bee1bc
    :git: git@github.com:Alamofire/Alamofire.git
  HatenaBookmarkSDK:
    :commit: 9f6af4ea96f63f0d08b757c1fdf58c432e3f6168
    :git: git@github.com:hatena/Hatena-Bookmark-iOS-SDK.git
  PocketAPI:
    :commit: 47ffff591a02f780f1928e3fba10e0f7f68cf132
    :git: git@github.com:Pocket/Pocket-ObjC-SDK.git
  SwiftyJSON:
    :commit: f269523ac572979245baa99c8475eab73caf1e9b
    :git: git@github.com:SwiftyJSON/SwiftyJSON.git

SPEC CHECKSUMS:
  Alamofire: 96feccc1e48a735edb92395cf023ba4ed52bdb45
  DateTools: 9bcc89e4f2f9004d8a7a2bd1b49269cf78968e65
  HatenaBookmarkSDK: 832cad8358ab6cf246ca1aa3e3ca6e6df7e78eb4
  Keys: 7d2ff6ff42f6903358267ce56e9392f83c31acfe
  NJKWebViewProgress: f481fd424cb5ecc27eacae11b5397db92fba9a4d
  PocketAPI: f65f80eee2b05d28aeecf711b0f5b87ee2be3e28
  SDWebImage: 1d2b1a1efda1ade1b00b6f8498865f8ddedc8a84
  SFHFKeychainUtils: 9576b411a79a058f4d5381ace6f3242b9a62e664
  SwiftyJSON: ae2d0a3d68025d136602a33c4ee215091ced3e33
  TTTAttributedLabel: 0a2ac7b2dd726d32a070dafb01446026b11e624f

COCOAPODS: 0.38.2
