PODS:
  - Alamofire (2.0.0)
  - DateTools (1.7.0)
  - DZNEmptyDataSet (1.7.1)
  - HatenaBookmarkSDK (1.2):
    - SFHFKeychainUtils
  - Keys (1.0.0)
  - NJKWebViewProgress (0.2.3):
    - NJKWebViewProgress/Core (= 0.2.3)
    - NJKWebViewProgress/ProgressView (= 0.2.3)
  - NJKWebViewProgress/Core (0.2.3)
  - NJKWebViewProgress/ProgressView (0.2.3)
  - PocketAPI (1.0.3)
  - SDWebImage (3.7.3):
    - SDWebImage/Core (= 3.7.3)
  - SDWebImage/Core (3.7.3)
  - SFHFKeychainUtils (0.0.1)
  - SwiftyJSON (2.2.1)
  - SWTableViewCell (0.3.7)
  - TTTAttributedLabel (1.13.4)
  - VTAcknowledgementsViewController (0.15)

DEPENDENCIES:
  - Alamofire (from `git@github.com:Alamofire/Alamofire.git`)
  - DateTools
  - DZNEmptyDataSet
  - HatenaBookmarkSDK (from `git@github.com:hatena/Hatena-Bookmark-iOS-SDK.git`)
  - Keys (from `Pods/CocoaPodsKeys`)
  - NJKWebViewProgress
  - PocketAPI (from `git@github.com:Pocket/Pocket-ObjC-SDK.git`)
  - SDWebImage
  - SwiftyJSON (from `git@github.com:SwiftyJSON/SwiftyJSON.git`, branch `xcode7`)
  - SWTableViewCell
  - TTTAttributedLabel
  - VTAcknowledgementsViewController

EXTERNAL SOURCES:
  Alamofire:
    :git: git@github.com:Alamofire/Alamofire.git
  HatenaBookmarkSDK:
    :git: git@github.com:hatena/Hatena-Bookmark-iOS-SDK.git
  Keys:
    :path: Pods/CocoaPodsKeys
  PocketAPI:
    :git: git@github.com:Pocket/Pocket-ObjC-SDK.git
  SwiftyJSON:
    :branch: xcode7
    :git: git@github.com:SwiftyJSON/SwiftyJSON.git

CHECKOUT OPTIONS:
  Alamofire:
    :commit: 689c9e871bbc200922fb89b0d2c06e4286ae5059
    :git: git@github.com:Alamofire/Alamofire.git
  HatenaBookmarkSDK:
    :commit: 9f6af4ea96f63f0d08b757c1fdf58c432e3f6168
    :git: git@github.com:hatena/Hatena-Bookmark-iOS-SDK.git
  PocketAPI:
    :commit: 47ffff591a02f780f1928e3fba10e0f7f68cf132
    :git: git@github.com:Pocket/Pocket-ObjC-SDK.git
  SwiftyJSON:
    :commit: d4df13c66146a8e9c8d96c852746a08363003d36
    :git: git@github.com:SwiftyJSON/SwiftyJSON.git

SPEC CHECKSUMS:
  Alamofire: 2f13548b29d25a58ecd91c9225fb51493e2b782b
  DateTools: 53288ee8b905fdc75897a1e6b5cc0144b14cba60
  DZNEmptyDataSet: 2a398066c2bf5848f7f693fb50954b5064debd12
  HatenaBookmarkSDK: 832cad8358ab6cf246ca1aa3e3ca6e6df7e78eb4
  Keys: 7d2ff6ff42f6903358267ce56e9392f83c31acfe
  NJKWebViewProgress: f481fd424cb5ecc27eacae11b5397db92fba9a4d
  PocketAPI: f65f80eee2b05d28aeecf711b0f5b87ee2be3e28
  SDWebImage: 1d2b1a1efda1ade1b00b6f8498865f8ddedc8a84
  SFHFKeychainUtils: 9576b411a79a058f4d5381ace6f3242b9a62e664
  SwiftyJSON: ae2d0a3d68025d136602a33c4ee215091ced3e33
  SWTableViewCell: 2a94aadc9d47b2b611fa064566bf57948b95b579
  TTTAttributedLabel: 0a2ac7b2dd726d32a070dafb01446026b11e624f
  VTAcknowledgementsViewController: 575f5841fb47b7d9c852ccb406104ea68de07b21

COCOAPODS: 0.38.2
