// !$*UTF8*$!
{
	archiveVersion = 1;
	classes = {
	};
	objectVersion = 46;
	objects = {

/* Begin PBXBuildFile section */
		6FFD3B98CC0D79C804C8A69F /* Pods.framework in Frameworks */ = {isa = PBXBuildFile; fileRef = E97D44F310E211F734D18E1C /* Pods.framework */; settings = {ATTRIBUTES = (Weak, ); }; };
		701CC4C61B882C300038394D /* UIAlertController.swift in Sources */ = {isa = PBXBuildFile; fileRef = 701CC4C51B882C300038394D /* UIAlertController.swift */; };
		70326C6B1B7BA65700B1790E /* AppDelegate.swift in Sources */ = {isa = PBXBuildFile; fileRef = 70326C6A1B7BA65700B1790E /* AppDelegate.swift */; };
		70326C701B7BA65700B1790E /* Main.storyboard in Resources */ = {isa = PBXBuildFile; fileRef = 70326C6E1B7BA65700B1790E /* Main.storyboard */; };
		70326C721B7BA65700B1790E /* Assets.xcassets in Resources */ = {isa = PBXBuildFile; fileRef = 70326C711B7BA65700B1790E /* Assets.xcassets */; };
		70326C751B7BA65700B1790E /* LaunchScreen.storyboard in Resources */ = {isa = PBXBuildFile; fileRef = 70326C731B7BA65700B1790E /* LaunchScreen.storyboard */; };
		70326C801B7BA65700B1790E /* PokebuTests.swift in Sources */ = {isa = PBXBuildFile; fileRef = 70326C7F1B7BA65700B1790E /* PokebuTests.swift */; };
		70326C8B1B7BA65700B1790E /* PokebuUITests.swift in Sources */ = {isa = PBXBuildFile; fileRef = 70326C8A1B7BA65700B1790E /* PokebuUITests.swift */; };
		7061462A1B9186A0008DB63A /* PocketConfigTableViewController.swift in Sources */ = {isa = PBXBuildFile; fileRef = 706146291B9186A0008DB63A /* PocketConfigTableViewController.swift */; settings = {ASSET_TAGS = (); }; };
		7061462C1B9191FE008DB63A /* AppInfoTableViewController.swift in Sources */ = {isa = PBXBuildFile; fileRef = 7061462B1B9191FE008DB63A /* AppInfoTableViewController.swift */; settings = {ASSET_TAGS = (); }; };
		709819DB1B871DD600C7EADC /* HatenaConfigTableViewController.swift in Sources */ = {isa = PBXBuildFile; fileRef = 709819DA1B871DD600C7EADC /* HatenaConfigTableViewController.swift */; };
		F205F96E1B7CE5E400F949E3 /* PocketItem.swift in Sources */ = {isa = PBXBuildFile; fileRef = F205F96D1B7CE5E400F949E3 /* PocketItem.swift */; };
		F205F9701B7CE84200F949E3 /* PocketApiAccess.swift in Sources */ = {isa = PBXBuildFile; fileRef = F205F96F1B7CE84200F949E3 /* PocketApiAccess.swift */; };
		F21143771B8D6CED0059101B /* UILabel.swift in Sources */ = {isa = PBXBuildFile; fileRef = F21143761B8D6CED0059101B /* UILabel.swift */; settings = {ASSET_TAGS = (); }; };
		F22BF4261B8C8C3A00505A92 /* BookmarkTableViewController.swift in Sources */ = {isa = PBXBuildFile; fileRef = F22BF4251B8C8C3A00505A92 /* BookmarkTableViewController.swift */; settings = {ASSET_TAGS = (); }; };
		F22BF4281B8C933B00505A92 /* HatenaBookmark.swift in Sources */ = {isa = PBXBuildFile; fileRef = F22BF4271B8C933B00505A92 /* HatenaBookmark.swift */; settings = {ASSET_TAGS = (); }; };
		F22BF42A1B8C963000505A92 /* HatenaApiAccess.swift in Sources */ = {isa = PBXBuildFile; fileRef = F22BF4291B8C963000505A92 /* HatenaApiAccess.swift */; settings = {ASSET_TAGS = (); }; };
		F22BF42C1B8CA7A500505A92 /* NSDate.swift in Sources */ = {isa = PBXBuildFile; fileRef = F22BF42B1B8CA7A500505A92 /* NSDate.swift */; settings = {ASSET_TAGS = (); }; };
		F2472A0E1B7D81F600B6B2A5 /* ItemListTableViewController.swift in Sources */ = {isa = PBXBuildFile; fileRef = F2472A0D1B7D81F600B6B2A5 /* ItemListTableViewController.swift */; };
		F2472A101B7D82D500B6B2A5 /* ItemListTableViewCell.swift in Sources */ = {isa = PBXBuildFile; fileRef = F2472A0F1B7D82D500B6B2A5 /* ItemListTableViewCell.swift */; };
		F247BF111B8B42180051DCE8 /* ItemWebViewController.swift in Sources */ = {isa = PBXBuildFile; fileRef = F247BF101B8B42180051DCE8 /* ItemWebViewController.swift */; };
		F29971C61B8C4768003779AF /* PocketItemOperation.swift in Sources */ = {isa = PBXBuildFile; fileRef = F29971C51B8C4768003779AF /* PocketItemOperation.swift */; settings = {ASSET_TAGS = (); }; };
		F2BB2D301B8CAC2D00FABB42 /* BookmarkTableViewCell.swift in Sources */ = {isa = PBXBuildFile; fileRef = F2BB2D2F1B8CAC2D00FABB42 /* BookmarkTableViewCell.swift */; settings = {ASSET_TAGS = (); }; };
		F2D4E6B41B82ACD900D2B5BA /* SettingTableViewController.swift in Sources */ = {isa = PBXBuildFile; fileRef = F2D4E6B31B82ACD900D2B5BA /* SettingTableViewController.swift */; };
		F2D4E6B61B82B6F900D2B5BA /* ItemViewController.swift in Sources */ = {isa = PBXBuildFile; fileRef = F2D4E6B51B82B6F900D2B5BA /* ItemViewController.swift */; };
/* End PBXBuildFile section */

/* Begin PBXContainerItemProxy section */
		70326C7C1B7BA65700B1790E /* PBXContainerItemProxy */ = {
			isa = PBXContainerItemProxy;
			containerPortal = 70326C5F1B7BA65700B1790E /* Project object */;
			proxyType = 1;
			remoteGlobalIDString = 70326C661B7BA65700B1790E;
			remoteInfo = Pokebu;
		};
		70326C871B7BA65700B1790E /* PBXContainerItemProxy */ = {
			isa = PBXContainerItemProxy;
			containerPortal = 70326C5F1B7BA65700B1790E /* Project object */;
			proxyType = 1;
			remoteGlobalIDString = 70326C661B7BA65700B1790E;
			remoteInfo = Pokebu;
		};
/* End PBXContainerItemProxy section */

/* Begin PBXFileReference section */
		701CC4C51B882C300038394D /* UIAlertController.swift */ = {isa = PBXFileReference; fileEncoding = 4; lastKnownFileType = sourcecode.swift; path = UIAlertController.swift; sourceTree = "<group>"; };
		70326C671B7BA65700B1790E /* Pokebu.app */ = {isa = PBXFileReference; explicitFileType = wrapper.application; includeInIndex = 0; path = Pokebu.app; sourceTree = BUILT_PRODUCTS_DIR; };
		70326C6A1B7BA65700B1790E /* AppDelegate.swift */ = {isa = PBXFileReference; lastKnownFileType = sourcecode.swift; path = AppDelegate.swift; sourceTree = "<group>"; };
		70326C6F1B7BA65700B1790E /* Base */ = {isa = PBXFileReference; lastKnownFileType = file.storyboard; name = Base; path = Base.lproj/Main.storyboard; sourceTree = "<group>"; };
		70326C711B7BA65700B1790E /* Assets.xcassets */ = {isa = PBXFileReference; lastKnownFileType = folder.assetcatalog; path = Assets.xcassets; sourceTree = "<group>"; };
		70326C741B7BA65700B1790E /* Base */ = {isa = PBXFileReference; lastKnownFileType = file.storyboard; name = Base; path = Base.lproj/LaunchScreen.storyboard; sourceTree = "<group>"; };
		70326C761B7BA65700B1790E /* Info.plist */ = {isa = PBXFileReference; lastKnownFileType = text.plist.xml; path = Info.plist; sourceTree = "<group>"; };
		70326C7B1B7BA65700B1790E /* PokebuTests.xctest */ = {isa = PBXFileReference; explicitFileType = wrapper.cfbundle; includeInIndex = 0; path = PokebuTests.xctest; sourceTree = BUILT_PRODUCTS_DIR; };
		70326C7F1B7BA65700B1790E /* PokebuTests.swift */ = {isa = PBXFileReference; lastKnownFileType = sourcecode.swift; path = PokebuTests.swift; sourceTree = "<group>"; };
		70326C811B7BA65700B1790E /* Info.plist */ = {isa = PBXFileReference; lastKnownFileType = text.plist.xml; path = Info.plist; sourceTree = "<group>"; };
		70326C861B7BA65700B1790E /* PokebuUITests.xctest */ = {isa = PBXFileReference; explicitFileType = wrapper.cfbundle; includeInIndex = 0; path = PokebuUITests.xctest; sourceTree = BUILT_PRODUCTS_DIR; };
		70326C8A1B7BA65700B1790E /* PokebuUITests.swift */ = {isa = PBXFileReference; lastKnownFileType = sourcecode.swift; path = PokebuUITests.swift; sourceTree = "<group>"; };
		70326C8C1B7BA65700B1790E /* Info.plist */ = {isa = PBXFileReference; lastKnownFileType = text.plist.xml; path = Info.plist; sourceTree = "<group>"; };
		70326C991B7BA69E00B1790E /* ja */ = {isa = PBXFileReference; lastKnownFileType = text.plist.strings; name = ja; path = ja.lproj/LaunchScreen.strings; sourceTree = "<group>"; };
		706146291B9186A0008DB63A /* PocketConfigTableViewController.swift */ = {isa = PBXFileReference; fileEncoding = 4; lastKnownFileType = sourcecode.swift; path = PocketConfigTableViewController.swift; sourceTree = "<group>"; };
		7061462B1B9191FE008DB63A /* AppInfoTableViewController.swift */ = {isa = PBXFileReference; fileEncoding = 4; lastKnownFileType = sourcecode.swift; path = AppInfoTableViewController.swift; sourceTree = "<group>"; };
		709819DA1B871DD600C7EADC /* HatenaConfigTableViewController.swift */ = {isa = PBXFileReference; fileEncoding = 4; lastKnownFileType = sourcecode.swift; path = HatenaConfigTableViewController.swift; sourceTree = "<group>"; };
		A7F11E82A15E42A0323C39A4 /* Pods.release.xcconfig */ = {isa = PBXFileReference; includeInIndex = 1; lastKnownFileType = text.xcconfig; name = Pods.release.xcconfig; path = "Pods/Target Support Files/Pods/Pods.release.xcconfig"; sourceTree = "<group>"; };
		E97D44F310E211F734D18E1C /* Pods.framework */ = {isa = PBXFileReference; explicitFileType = wrapper.framework; includeInIndex = 0; path = Pods.framework; sourceTree = BUILT_PRODUCTS_DIR; };
		F205F96D1B7CE5E400F949E3 /* PocketItem.swift */ = {isa = PBXFileReference; fileEncoding = 4; lastKnownFileType = sourcecode.swift; path = PocketItem.swift; sourceTree = "<group>"; };
		F205F96F1B7CE84200F949E3 /* PocketApiAccess.swift */ = {isa = PBXFileReference; fileEncoding = 4; lastKnownFileType = sourcecode.swift; path = PocketApiAccess.swift; sourceTree = "<group>"; };
		F21143761B8D6CED0059101B /* UILabel.swift */ = {isa = PBXFileReference; fileEncoding = 4; lastKnownFileType = sourcecode.swift; path = UILabel.swift; sourceTree = "<group>"; };
		F22BF4251B8C8C3A00505A92 /* BookmarkTableViewController.swift */ = {isa = PBXFileReference; fileEncoding = 4; lastKnownFileType = sourcecode.swift; path = BookmarkTableViewController.swift; sourceTree = "<group>"; };
		F22BF4271B8C933B00505A92 /* HatenaBookmark.swift */ = {isa = PBXFileReference; fileEncoding = 4; lastKnownFileType = sourcecode.swift; path = HatenaBookmark.swift; sourceTree = "<group>"; };
		F22BF4291B8C963000505A92 /* HatenaApiAccess.swift */ = {isa = PBXFileReference; fileEncoding = 4; lastKnownFileType = sourcecode.swift; path = HatenaApiAccess.swift; sourceTree = "<group>"; };
		F22BF42B1B8CA7A500505A92 /* NSDate.swift */ = {isa = PBXFileReference; fileEncoding = 4; lastKnownFileType = sourcecode.swift; path = NSDate.swift; sourceTree = "<group>"; };
		F2472A0D1B7D81F600B6B2A5 /* ItemListTableViewController.swift */ = {isa = PBXFileReference; fileEncoding = 4; lastKnownFileType = sourcecode.swift; path = ItemListTableViewController.swift; sourceTree = "<group>"; };
		F2472A0F1B7D82D500B6B2A5 /* ItemListTableViewCell.swift */ = {isa = PBXFileReference; fileEncoding = 4; lastKnownFileType = sourcecode.swift; path = ItemListTableViewCell.swift; sourceTree = "<group>"; };
		F247BF101B8B42180051DCE8 /* ItemWebViewController.swift */ = {isa = PBXFileReference; fileEncoding = 4; lastKnownFileType = sourcecode.swift; path = ItemWebViewController.swift; sourceTree = "<group>"; };
		F29971C51B8C4768003779AF /* PocketItemOperation.swift */ = {isa = PBXFileReference; fileEncoding = 4; lastKnownFileType = sourcecode.swift; path = PocketItemOperation.swift; sourceTree = "<group>"; };
		F2BB2D2F1B8CAC2D00FABB42 /* BookmarkTableViewCell.swift */ = {isa = PBXFileReference; fileEncoding = 4; lastKnownFileType = sourcecode.swift; path = BookmarkTableViewCell.swift; sourceTree = "<group>"; };
		F2D4E6B31B82ACD900D2B5BA /* SettingTableViewController.swift */ = {isa = PBXFileReference; fileEncoding = 4; lastKnownFileType = sourcecode.swift; path = SettingTableViewController.swift; sourceTree = "<group>"; };
		F2D4E6B51B82B6F900D2B5BA /* ItemViewController.swift */ = {isa = PBXFileReference; fileEncoding = 4; lastKnownFileType = sourcecode.swift; path = ItemViewController.swift; sourceTree = "<group>"; };
		F52B2E7048D20815D6B12E5C /* Pods.debug.xcconfig */ = {isa = PBXFileReference; includeInIndex = 1; lastKnownFileType = text.xcconfig; name = Pods.debug.xcconfig; path = "Pods/Target Support Files/Pods/Pods.debug.xcconfig"; sourceTree = "<group>"; };
/* End PBXFileReference section */

/* Begin PBXFrameworksBuildPhase section */
		70326C641B7BA65700B1790E /* Frameworks */ = {
			isa = PBXFrameworksBuildPhase;
			buildActionMask = 2147483647;
			files = (
				6FFD3B98CC0D79C804C8A69F /* Pods.framework in Frameworks */,
			);
			runOnlyForDeploymentPostprocessing = 0;
		};
		70326C781B7BA65700B1790E /* Frameworks */ = {
			isa = PBXFrameworksBuildPhase;
			buildActionMask = 2147483647;
			files = (
			);
			runOnlyForDeploymentPostprocessing = 0;
		};
		70326C831B7BA65700B1790E /* Frameworks */ = {
			isa = PBXFrameworksBuildPhase;
			buildActionMask = 2147483647;
			files = (
			);
			runOnlyForDeploymentPostprocessing = 0;
		};
/* End PBXFrameworksBuildPhase section */

/* Begin PBXGroup section */
		701CC4C41B882C0A0038394D /* Extension */ = {
			isa = PBXGroup;
			children = (
				701CC4C51B882C300038394D /* UIAlertController.swift */,
				F22BF42B1B8CA7A500505A92 /* NSDate.swift */,
				F21143761B8D6CED0059101B /* UILabel.swift */,
			);
			name = Extension;
			sourceTree = "<group>";
		};
		70326C5E1B7BA65700B1790E = {
			isa = PBXGroup;
			children = (
				70326C691B7BA65700B1790E /* Pokebu */,
				70326C7E1B7BA65700B1790E /* PokebuTests */,
				70326C891B7BA65700B1790E /* PokebuUITests */,
				70326C681B7BA65700B1790E /* Products */,
				C3815B11B1562FF9E617CE9B /* Pods */,
				8814277766A8C7E9CED45876 /* Frameworks */,
			);
			sourceTree = "<group>";
		};
		70326C681B7BA65700B1790E /* Products */ = {
			isa = PBXGroup;
			children = (
				70326C671B7BA65700B1790E /* Pokebu.app */,
				70326C7B1B7BA65700B1790E /* PokebuTests.xctest */,
				70326C861B7BA65700B1790E /* PokebuUITests.xctest */,
			);
			name = Products;
			sourceTree = "<group>";
		};
		70326C691B7BA65700B1790E /* Pokebu */ = {
			isa = PBXGroup;
			children = (
				70326C6A1B7BA65700B1790E /* AppDelegate.swift */,
				70326C711B7BA65700B1790E /* Assets.xcassets */,
				F22BF4241B8C8A5700505A92 /* Bookmark */,
				701CC4C41B882C0A0038394D /* Extension */,
				70326C761B7BA65700B1790E /* Info.plist */,
				70326C731B7BA65700B1790E /* LaunchScreen.storyboard */,
				70326C6E1B7BA65700B1790E /* Main.storyboard */,
				F205F96C1B7CE5C600F949E3 /* Model */,
				F2E171C41B7CC0100016F8E9 /* PocketItem */,
				F2D4E6B21B82ACA100D2B5BA /* Setting */,
			);
			path = Pokebu;
			sourceTree = "<group>";
		};
		70326C7E1B7BA65700B1790E /* PokebuTests */ = {
			isa = PBXGroup;
			children = (
				70326C7F1B7BA65700B1790E /* PokebuTests.swift */,
				70326C811B7BA65700B1790E /* Info.plist */,
			);
			path = PokebuTests;
			sourceTree = "<group>";
		};
		70326C891B7BA65700B1790E /* PokebuUITests */ = {
			isa = PBXGroup;
			children = (
				70326C8A1B7BA65700B1790E /* PokebuUITests.swift */,
				70326C8C1B7BA65700B1790E /* Info.plist */,
			);
			path = PokebuUITests;
			sourceTree = "<group>";
		};
		8814277766A8C7E9CED45876 /* Frameworks */ = {
			isa = PBXGroup;
			children = (
				E97D44F310E211F734D18E1C /* Pods.framework */,
			);
			name = Frameworks;
			sourceTree = "<group>";
		};
		C3815B11B1562FF9E617CE9B /* Pods */ = {
			isa = PBXGroup;
			children = (
				F52B2E7048D20815D6B12E5C /* Pods.debug.xcconfig */,
				A7F11E82A15E42A0323C39A4 /* Pods.release.xcconfig */,
			);
			name = Pods;
			sourceTree = "<group>";
		};
		F205F96C1B7CE5C600F949E3 /* Model */ = {
			isa = PBXGroup;
			children = (
				F22BF4291B8C963000505A92 /* HatenaApiAccess.swift */,
				F22BF4271B8C933B00505A92 /* HatenaBookmark.swift */,
				F205F96F1B7CE84200F949E3 /* PocketApiAccess.swift */,
				F205F96D1B7CE5E400F949E3 /* PocketItem.swift */,
				F29971C51B8C4768003779AF /* PocketItemOperation.swift */,
			);
			name = Model;
			sourceTree = "<group>";
		};
		F22BF4241B8C8A5700505A92 /* Bookmark */ = {
			isa = PBXGroup;
			children = (
				F2BB2D2F1B8CAC2D00FABB42 /* BookmarkTableViewCell.swift */,
				F22BF4251B8C8C3A00505A92 /* BookmarkTableViewController.swift */,
			);
			name = Bookmark;
			sourceTree = "<group>";
		};
		F2D4E6B21B82ACA100D2B5BA /* Setting */ = {
			isa = PBXGroup;
			children = (
				7061462B1B9191FE008DB63A /* AppInfoTableViewController.swift */,
				709819DA1B871DD600C7EADC /* HatenaConfigTableViewController.swift */,
				706146291B9186A0008DB63A /* PocketConfigTableViewController.swift */,
				F2D4E6B31B82ACD900D2B5BA /* SettingTableViewController.swift */,
			);
			name = Setting;
			sourceTree = "<group>";
		};
		F2E171C41B7CC0100016F8E9 /* PocketItem */ = {
			isa = PBXGroup;
			children = (
				F2472A0F1B7D82D500B6B2A5 /* ItemListTableViewCell.swift */,
				F2472A0D1B7D81F600B6B2A5 /* ItemListTableViewController.swift */,
				F2D4E6B51B82B6F900D2B5BA /* ItemViewController.swift */,
				F247BF101B8B42180051DCE8 /* ItemWebViewController.swift */,
			);
			name = PocketItem;
			sourceTree = "<group>";
		};
/* End PBXGroup section */

/* Begin PBXNativeTarget section */
		70326C661B7BA65700B1790E /* Pokebu */ = {
			isa = PBXNativeTarget;
			buildConfigurationList = 70326C8F1B7BA65700B1790E /* Build configuration list for PBXNativeTarget "Pokebu" */;
			buildPhases = (
				D6953361B70D53276CD2BEEC /* Check Pods Manifest.lock */,
				70326C631B7BA65700B1790E /* Sources */,
				70326C641B7BA65700B1790E /* Frameworks */,
				70326C651B7BA65700B1790E /* Resources */,
				261DA3DE7A51108673DD0C86 /* Embed Pods Frameworks */,
				767319F2A90733FECA445857 /* Copy Pods Resources */,
			);
			buildRules = (
			);
			dependencies = (
			);
			name = Pokebu;
			productName = Pokebu;
			productReference = 70326C671B7BA65700B1790E /* Pokebu.app */;
			productType = "com.apple.product-type.application";
		};
		70326C7A1B7BA65700B1790E /* PokebuTests */ = {
			isa = PBXNativeTarget;
			buildConfigurationList = 70326C921B7BA65700B1790E /* Build configuration list for PBXNativeTarget "PokebuTests" */;
			buildPhases = (
				70326C771B7BA65700B1790E /* Sources */,
				70326C781B7BA65700B1790E /* Frameworks */,
				70326C791B7BA65700B1790E /* Resources */,
			);
			buildRules = (
			);
			dependencies = (
				70326C7D1B7BA65700B1790E /* PBXTargetDependency */,
			);
			name = PokebuTests;
			productName = PokebuTests;
			productReference = 70326C7B1B7BA65700B1790E /* PokebuTests.xctest */;
			productType = "com.apple.product-type.bundle.unit-test";
		};
		70326C851B7BA65700B1790E /* PokebuUITests */ = {
			isa = PBXNativeTarget;
			buildConfigurationList = 70326C951B7BA65700B1790E /* Build configuration list for PBXNativeTarget "PokebuUITests" */;
			buildPhases = (
				70326C821B7BA65700B1790E /* Sources */,
				70326C831B7BA65700B1790E /* Frameworks */,
				70326C841B7BA65700B1790E /* Resources */,
			);
			buildRules = (
			);
			dependencies = (
				70326C881B7BA65700B1790E /* PBXTargetDependency */,
			);
			name = PokebuUITests;
			productName = PokebuUITests;
			productReference = 70326C861B7BA65700B1790E /* PokebuUITests.xctest */;
			productType = "com.apple.product-type.bundle.ui-testing";
		};
/* End PBXNativeTarget section */

/* Begin PBXProject section */
		70326C5F1B7BA65700B1790E /* Project object */ = {
			isa = PBXProject;
			attributes = {
				LastUpgradeCheck = 0700;
				ORGANIZATIONNAME = "Yusuke Aono";
				TargetAttributes = {
					70326C661B7BA65700B1790E = {
						CreatedOnToolsVersion = 7.0;
						DevelopmentTeam = 8C9TZF26K4;
					};
					70326C7A1B7BA65700B1790E = {
						CreatedOnToolsVersion = 7.0;
						TestTargetID = 70326C661B7BA65700B1790E;
					};
					70326C851B7BA65700B1790E = {
						CreatedOnToolsVersion = 7.0;
						TestTargetID = 70326C661B7BA65700B1790E;
					};
				};
			};
			buildConfigurationList = 70326C621B7BA65700B1790E /* Build configuration list for PBXProject "Pokebu" */;
			compatibilityVersion = "Xcode 3.2";
			developmentRegion = English;
			hasScannedForEncodings = 0;
			knownRegions = (
				Base,
			);
			mainGroup = 70326C5E1B7BA65700B1790E;
			productRefGroup = 70326C681B7BA65700B1790E /* Products */;
			projectDirPath = "";
			projectRoot = "";
			targets = (
				70326C661B7BA65700B1790E /* Pokebu */,
				70326C7A1B7BA65700B1790E /* PokebuTests */,
				70326C851B7BA65700B1790E /* PokebuUITests */,
			);
		};
/* End PBXProject section */

/* Begin PBXResourcesBuildPhase section */
		70326C651B7BA65700B1790E /* Resources */ = {
			isa = PBXResourcesBuildPhase;
			buildActionMask = 2147483647;
			files = (
				70326C751B7BA65700B1790E /* LaunchScreen.storyboard in Resources */,
				70326C721B7BA65700B1790E /* Assets.xcassets in Resources */,
				70326C701B7BA65700B1790E /* Main.storyboard in Resources */,
			);
			runOnlyForDeploymentPostprocessing = 0;
		};
		70326C791B7BA65700B1790E /* Resources */ = {
			isa = PBXResourcesBuildPhase;
			buildActionMask = 2147483647;
			files = (
			);
			runOnlyForDeploymentPostprocessing = 0;
		};
		70326C841B7BA65700B1790E /* Resources */ = {
			isa = PBXResourcesBuildPhase;
			buildActionMask = 2147483647;
			files = (
			);
			runOnlyForDeploymentPostprocessing = 0;
		};
/* End PBXResourcesBuildPhase section */

/* Begin PBXShellScriptBuildPhase section */
		261DA3DE7A51108673DD0C86 /* Embed Pods Frameworks */ = {
			isa = PBXShellScriptBuildPhase;
			buildActionMask = 2147483647;
			files = (
			);
			inputPaths = (
			);
			name = "Embed Pods Frameworks";
			outputPaths = (
			);
			runOnlyForDeploymentPostprocessing = 0;
			shellPath = /bin/sh;
			shellScript = "\"${SRCROOT}/Pods/Target Support Files/Pods/Pods-frameworks.sh\"\n";
			showEnvVarsInLog = 0;
		};
		767319F2A90733FECA445857 /* Copy Pods Resources */ = {
			isa = PBXShellScriptBuildPhase;
			buildActionMask = 2147483647;
			files = (
			);
			inputPaths = (
			);
			name = "Copy Pods Resources";
			outputPaths = (
			);
			runOnlyForDeploymentPostprocessing = 0;
			shellPath = /bin/sh;
			shellScript = "\"${SRCROOT}/Pods/Target Support Files/Pods/Pods-resources.sh\"\n";
			showEnvVarsInLog = 0;
		};
		D6953361B70D53276CD2BEEC /* Check Pods Manifest.lock */ = {
			isa = PBXShellScriptBuildPhase;
			buildActionMask = 2147483647;
			files = (
			);
			inputPaths = (
			);
			name = "Check Pods Manifest.lock";
			outputPaths = (
			);
			runOnlyForDeploymentPostprocessing = 0;
			shellPath = /bin/sh;
			shellScript = "diff \"${PODS_ROOT}/../Podfile.lock\" \"${PODS_ROOT}/Manifest.lock\" > /dev/null\nif [[ $? != 0 ]] ; then\n    cat << EOM\nerror: The sandbox is not in sync with the Podfile.lock. Run 'pod install' or update your CocoaPods installation.\nEOM\n    exit 1\nfi\n";
			showEnvVarsInLog = 0;
		};
/* End PBXShellScriptBuildPhase section */

/* Begin PBXSourcesBuildPhase section */
		70326C631B7BA65700B1790E /* Sources */ = {
			isa = PBXSourcesBuildPhase;
			buildActionMask = 2147483647;
			files = (
				F21143771B8D6CED0059101B /* UILabel.swift in Sources */,
				F2D4E6B61B82B6F900D2B5BA /* ItemViewController.swift in Sources */,
				F22BF4281B8C933B00505A92 /* HatenaBookmark.swift in Sources */,
				F29971C61B8C4768003779AF /* PocketItemOperation.swift in Sources */,
				7061462C1B9191FE008DB63A /* AppInfoTableViewController.swift in Sources */,
				701CC4C61B882C300038394D /* UIAlertController.swift in Sources */,
				F22BF42C1B8CA7A500505A92 /* NSDate.swift in Sources */,
				F22BF4261B8C8C3A00505A92 /* BookmarkTableViewController.swift in Sources */,
				F2D4E6B41B82ACD900D2B5BA /* SettingTableViewController.swift in Sources */,
				F205F9701B7CE84200F949E3 /* PocketApiAccess.swift in Sources */,
				F22BF42A1B8C963000505A92 /* HatenaApiAccess.swift in Sources */,
				F247BF111B8B42180051DCE8 /* ItemWebViewController.swift in Sources */,
				7061462A1B9186A0008DB63A /* PocketConfigTableViewController.swift in Sources */,
				F205F96E1B7CE5E400F949E3 /* PocketItem.swift in Sources */,
				F2472A101B7D82D500B6B2A5 /* ItemListTableViewCell.swift in Sources */,
				F2472A0E1B7D81F600B6B2A5 /* ItemListTableViewController.swift in Sources */,
				709819DB1B871DD600C7EADC /* HatenaConfigTableViewController.swift in Sources */,
				70326C6B1B7BA65700B1790E /* AppDelegate.swift in Sources */,
				F2BB2D301B8CAC2D00FABB42 /* BookmarkTableViewCell.swift in Sources */,
			);
			runOnlyForDeploymentPostprocessing = 0;
		};
		70326C771B7BA65700B1790E /* Sources */ = {
			isa = PBXSourcesBuildPhase;
			buildActionMask = 2147483647;
			files = (
				70326C801B7BA65700B1790E /* PokebuTests.swift in Sources */,
			);
			runOnlyForDeploymentPostprocessing = 0;
		};
		70326C821B7BA65700B1790E /* Sources */ = {
			isa = PBXSourcesBuildPhase;
			buildActionMask = 2147483647;
			files = (
				70326C8B1B7BA65700B1790E /* PokebuUITests.swift in Sources */,
			);
			runOnlyForDeploymentPostprocessing = 0;
		};
/* End PBXSourcesBuildPhase section */

/* Begin PBXTargetDependency section */
		70326C7D1B7BA65700B1790E /* PBXTargetDependency */ = {
			isa = PBXTargetDependency;
			target = 70326C661B7BA65700B1790E /* Pokebu */;
			targetProxy = 70326C7C1B7BA65700B1790E /* PBXContainerItemProxy */;
		};
		70326C881B7BA65700B1790E /* PBXTargetDependency */ = {
			isa = PBXTargetDependency;
			target = 70326C661B7BA65700B1790E /* Pokebu */;
			targetProxy = 70326C871B7BA65700B1790E /* PBXContainerItemProxy */;
		};
/* End PBXTargetDependency section */

/* Begin PBXVariantGroup section */
		70326C6E1B7BA65700B1790E /* Main.storyboard */ = {
			isa = PBXVariantGroup;
			children = (
				70326C6F1B7BA65700B1790E /* Base */,
			);
			name = Main.storyboard;
			sourceTree = "<group>";
		};
		70326C731B7BA65700B1790E /* LaunchScreen.storyboard */ = {
			isa = PBXVariantGroup;
			children = (
				70326C741B7BA65700B1790E /* Base */,
				70326C991B7BA69E00B1790E /* ja */,
			);
			name = LaunchScreen.storyboard;
			sourceTree = "<group>";
		};
/* End PBXVariantGroup section */

/* Begin XCBuildConfiguration section */
		70326C8D1B7BA65700B1790E /* Debug */ = {
			isa = XCBuildConfiguration;
			buildSettings = {
				ALWAYS_SEARCH_USER_PATHS = NO;
				CLANG_CXX_LANGUAGE_STANDARD = "gnu++0x";
				CLANG_CXX_LIBRARY = "libc++";
				CLANG_ENABLE_MODULES = YES;
				CLANG_ENABLE_OBJC_ARC = YES;
				CLANG_WARN_BOOL_CONVERSION = YES;
				CLANG_WARN_CONSTANT_CONVERSION = YES;
				CLANG_WARN_DIRECT_OBJC_ISA_USAGE = YES_ERROR;
				CLANG_WARN_EMPTY_BODY = YES;
				CLANG_WARN_ENUM_CONVERSION = YES;
				CLANG_WARN_INT_CONVERSION = YES;
				CLANG_WARN_OBJC_ROOT_CLASS = YES_ERROR;
				CLANG_WARN_UNREACHABLE_CODE = YES;
				CLANG_WARN__DUPLICATE_METHOD_MATCH = YES;
				"CODE_SIGN_IDENTITY[sdk=iphoneos*]" = "iPhone Developer";
				COPY_PHASE_STRIP = NO;
				DEBUG_INFORMATION_FORMAT = dwarf;
				ENABLE_STRICT_OBJC_MSGSEND = YES;
				ENABLE_TESTABILITY = YES;
				GCC_C_LANGUAGE_STANDARD = gnu99;
				GCC_DYNAMIC_NO_PIC = NO;
				GCC_NO_COMMON_BLOCKS = YES;
				GCC_OPTIMIZATION_LEVEL = 0;
				GCC_PREPROCESSOR_DEFINITIONS = (
					"DEBUG=1",
					"$(inherited)",
				);
				GCC_WARN_64_TO_32_BIT_CONVERSION = YES;
				GCC_WARN_ABOUT_RETURN_TYPE = YES_ERROR;
				GCC_WARN_UNDECLARED_SELECTOR = YES;
				GCC_WARN_UNINITIALIZED_AUTOS = YES_AGGRESSIVE;
				GCC_WARN_UNUSED_FUNCTION = YES;
				GCC_WARN_UNUSED_VARIABLE = YES;
				IPHONEOS_DEPLOYMENT_TARGET = 8.0;
				MTL_ENABLE_DEBUG_INFO = YES;
				ONLY_ACTIVE_ARCH = YES;
				SDKROOT = iphoneos;
				SWIFT_OPTIMIZATION_LEVEL = "-Onone";
			};
			name = Debug;
		};
		70326C8E1B7BA65700B1790E /* Release */ = {
			isa = XCBuildConfiguration;
			buildSettings = {
				ALWAYS_SEARCH_USER_PATHS = NO;
				CLANG_CXX_LANGUAGE_STANDARD = "gnu++0x";
				CLANG_CXX_LIBRARY = "libc++";
				CLANG_ENABLE_MODULES = YES;
				CLANG_ENABLE_OBJC_ARC = YES;
				CLANG_WARN_BOOL_CONVERSION = YES;
				CLANG_WARN_CONSTANT_CONVERSION = YES;
				CLANG_WARN_DIRECT_OBJC_ISA_USAGE = YES_ERROR;
				CLANG_WARN_EMPTY_BODY = YES;
				CLANG_WARN_ENUM_CONVERSION = YES;
				CLANG_WARN_INT_CONVERSION = YES;
				CLANG_WARN_OBJC_ROOT_CLASS = YES_ERROR;
				CLANG_WARN_UNREACHABLE_CODE = YES;
				CLANG_WARN__DUPLICATE_METHOD_MATCH = YES;
				"CODE_SIGN_IDENTITY[sdk=iphoneos*]" = "iPhone Developer";
				COPY_PHASE_STRIP = NO;
				DEBUG_INFORMATION_FORMAT = "dwarf-with-dsym";
				ENABLE_NS_ASSERTIONS = NO;
				ENABLE_STRICT_OBJC_MSGSEND = YES;
				GCC_C_LANGUAGE_STANDARD = gnu99;
				GCC_NO_COMMON_BLOCKS = YES;
				GCC_WARN_64_TO_32_BIT_CONVERSION = YES;
				GCC_WARN_ABOUT_RETURN_TYPE = YES_ERROR;
				GCC_WARN_UNDECLARED_SELECTOR = YES;
				GCC_WARN_UNINITIALIZED_AUTOS = YES_AGGRESSIVE;
				GCC_WARN_UNUSED_FUNCTION = YES;
				GCC_WARN_UNUSED_VARIABLE = YES;
				IPHONEOS_DEPLOYMENT_TARGET = 8.0;
				MTL_ENABLE_DEBUG_INFO = NO;
				SDKROOT = iphoneos;
				VALIDATE_PRODUCT = YES;
			};
			name = Release;
		};
		70326C901B7BA65700B1790E /* Debug */ = {
			isa = XCBuildConfiguration;
			baseConfigurationReference = F52B2E7048D20815D6B12E5C /* Pods.debug.xcconfig */;
			buildSettings = {
				ASSETCATALOG_COMPILER_APPICON_NAME = AppIcon;
				CODE_SIGN_IDENTITY = "iPhone Developer";
				"CODE_SIGN_IDENTITY[sdk=iphoneos*]" = "iPhone Developer";
				INFOPLIST_FILE = Pokebu/Info.plist;
				LD_RUNPATH_SEARCH_PATHS = "$(inherited) @executable_path/Frameworks";
				PRODUCT_BUNDLE_IDENTIFIER = io.github.ysk1031.Pokebu;
				PRODUCT_NAME = "$(TARGET_NAME)";
				PROVISIONING_PROFILE = "";
			};
			name = Debug;
		};
		70326C911B7BA65700B1790E /* Release */ = {
			isa = XCBuildConfiguration;
			baseConfigurationReference = A7F11E82A15E42A0323C39A4 /* Pods.release.xcconfig */;
			buildSettings = {
				ASSETCATALOG_COMPILER_APPICON_NAME = AppIcon;
				CODE_SIGN_IDENTITY = "iPhone Developer";
				"CODE_SIGN_IDENTITY[sdk=iphoneos*]" = "iPhone Developer";
				INFOPLIST_FILE = Pokebu/Info.plist;
				LD_RUNPATH_SEARCH_PATHS = "$(inherited) @executable_path/Frameworks";
				PRODUCT_BUNDLE_IDENTIFIER = io.github.ysk1031.Pokebu;
				PRODUCT_NAME = "$(TARGET_NAME)";
				PROVISIONING_PROFILE = "";
			};
			name = Release;
		};
		70326C931B7BA65700B1790E /* Debug */ = {
			isa = XCBuildConfiguration;
			buildSettings = {
				BUNDLE_LOADER = "$(TEST_HOST)";
				INFOPLIST_FILE = PokebuTests/Info.plist;
				LD_RUNPATH_SEARCH_PATHS = "$(inherited) @executable_path/Frameworks @loader_path/Frameworks";
				PRODUCT_BUNDLE_IDENTIFIER = io.github.ysk1031.PokebuTests;
				PRODUCT_NAME = "$(TARGET_NAME)";
				TEST_HOST = "$(BUILT_PRODUCTS_DIR)/Pokebu.app/Pokebu";
			};
			name = Debug;
		};
		70326C941B7BA65700B1790E /* Release */ = {
			isa = XCBuildConfiguration;
			buildSettings = {
				BUNDLE_LOADER = "$(TEST_HOST)";
				INFOPLIST_FILE = PokebuTests/Info.plist;
				LD_RUNPATH_SEARCH_PATHS = "$(inherited) @executable_path/Frameworks @loader_path/Frameworks";
				PRODUCT_BUNDLE_IDENTIFIER = io.github.ysk1031.PokebuTests;
				PRODUCT_NAME = "$(TARGET_NAME)";
				TEST_HOST = "$(BUILT_PRODUCTS_DIR)/Pokebu.app/Pokebu";
			};
			name = Release;
		};
		70326C961B7BA65700B1790E /* Debug */ = {
			isa = XCBuildConfiguration;
			buildSettings = {
				INFOPLIST_FILE = PokebuUITests/Info.plist;
				LD_RUNPATH_SEARCH_PATHS = "$(inherited) @executable_path/Frameworks @loader_path/Frameworks";
				PRODUCT_BUNDLE_IDENTIFIER = io.github.ysk1031.PokebuUITests;
				PRODUCT_NAME = "$(TARGET_NAME)";
				TEST_TARGET_NAME = Pokebu;
				USES_XCTRUNNER = YES;
			};
			name = Debug;
		};
		70326C971B7BA65700B1790E /* Release */ = {
			isa = XCBuildConfiguration;
			buildSettings = {
				INFOPLIST_FILE = PokebuUITests/Info.plist;
				LD_RUNPATH_SEARCH_PATHS = "$(inherited) @executable_path/Frameworks @loader_path/Frameworks";
				PRODUCT_BUNDLE_IDENTIFIER = io.github.ysk1031.PokebuUITests;
				PRODUCT_NAME = "$(TARGET_NAME)";
				TEST_TARGET_NAME = Pokebu;
				USES_XCTRUNNER = YES;
			};
			name = Release;
		};
/* End XCBuildConfiguration section */

/* Begin XCConfigurationList section */
		70326C621B7BA65700B1790E /* Build configuration list for PBXProject "Pokebu" */ = {
			isa = XCConfigurationList;
			buildConfigurations = (
				70326C8D1B7BA65700B1790E /* Debug */,
				70326C8E1B7BA65700B1790E /* Release */,
			);
			defaultConfigurationIsVisible = 0;
			defaultConfigurationName = Release;
		};
		70326C8F1B7BA65700B1790E /* Build configuration list for PBXNativeTarget "Pokebu" */ = {
			isa = XCConfigurationList;
			buildConfigurations = (
				70326C901B7BA65700B1790E /* Debug */,
				70326C911B7BA65700B1790E /* Release */,
			);
			defaultConfigurationIsVisible = 0;
			defaultConfigurationName = Release;
		};
		70326C921B7BA65700B1790E /* Build configuration list for PBXNativeTarget "PokebuTests" */ = {
			isa = XCConfigurationList;
			buildConfigurations = (
				70326C931B7BA65700B1790E /* Debug */,
				70326C941B7BA65700B1790E /* Release */,
			);
			defaultConfigurationIsVisible = 0;
			defaultConfigurationName = Release;
		};
		70326C951B7BA65700B1790E /* Build configuration list for PBXNativeTarget "PokebuUITests" */ = {
			isa = XCConfigurationList;
			buildConfigurations = (
				70326C961B7BA65700B1790E /* Debug */,
				70326C971B7BA65700B1790E /* Release */,
			);
			defaultConfigurationIsVisible = 0;
			defaultConfigurationName = Release;
		};
/* End XCConfigurationList section */
	};
	rootObject = 70326C5F1B7BA65700B1790E /* Project object */;
}
